
Microsoft Visual Studio Solution File, Format Version 12.00
# Visual Studio Version 17
VisualStudioVersion = 17.9.34701.34
MinimumVisualStudioVersion = 10.0.40219.1
Project("{FAE04EC0-301F-11D3-BF4B-00C04F79EFBC}") = "LetraA", "LetraA\LetraA.csproj", "{A20A83F1-AFBE-48C7-95CD-BDADDF7B8F59}"
EndProject
Global
	GlobalSection(SolutionConfigurationPlatforms) = preSolution
		Debug|Any CPU = Debug|Any CPU
		Release|Any CPU = Release|Any CPU
	EndGlobalSection
	GlobalSection(ProjectConfigurationPlatforms) = postSolution
		{A20A83F1-AFBE-48C7-95CD-BDADDF7B8F59}.Debug|Any CPU.ActiveCfg = Debug|Any CPU
		{A20A83F1-AFBE-48C7-95CD-BDADDF7B8F59}.Debug|Any CPU.Build.0 = Debug|Any CPU
		{A20A83F1-AFBE-48C7-95CD-BDADDF7B8F59}.Release|Any CPU.ActiveCfg = Release|Any CPU
		{A20A83F1-AFBE-48C7-95CD-BDADDF7B8F59}.Release|Any CPU.Build.0 = Release|Any CPU
	EndGlobalSection
	GlobalSection(SolutionProperties) = preSolution
		HideSolutionNode = FALSE
	EndGlobalSection
	GlobalSection(ExtensibilityGlobals) = postSolution
		SolutionGuid = {A21D63E0-A982-416A-AA2A-06D551912E54}
	EndGlobalSection
EndGlobal
